
Microsoft Visual Studio Solution File, Format Version 12.00
# Visual Studio Version 17
VisualStudioVersion = 17.10.35122.118
MinimumVisualStudioVersion = 10.0.40219.1
Project("{FAE04EC0-301F-11D3-BF4B-00C04F79EFBC}") = "ApiUser", "ApiUser.csproj", "{51B58D71-C8BC-466F-B1CC-4A0805D45B2F}"
EndProject
Global
	GlobalSection(SolutionConfigurationPlatforms) = preSolution
		Debug|Any CPU = Debug|Any CPU
		Release|Any CPU = Release|Any CPU
	EndGlobalSection
	GlobalSection(ProjectConfigurationPlatforms) = postSolution
		{51B58D71-C8BC-466F-B1CC-4A0805D45B2F}.Debug|Any CPU.ActiveCfg = Debug|Any CPU
		{51B58D71-C8BC-466F-B1CC-4A0805D45B2F}.Debug|Any CPU.Build.0 = Debug|Any CPU
		{51B58D71-C8BC-466F-B1CC-4A0805D45B2F}.Release|Any CPU.ActiveCfg = Release|Any CPU
		{51B58D71-C8BC-466F-B1CC-4A0805D45B2F}.Release|Any CPU.Build.0 = Release|Any CPU
	EndGlobalSection
	GlobalSection(SolutionProperties) = preSolution
		HideSolutionNode = FALSE
	EndGlobalSection
	GlobalSection(ExtensibilityGlobals) = postSolution
		SolutionGuid = {FBBF274C-212A-489D-99BB-E9FAA489C1E9}
	EndGlobalSection
EndGlobal
